
Microsoft Visual Studio Solution File, Format Version 12.00
# Visual Studio Version 17
VisualStudioVersion = 17.5.33627.172
MinimumVisualStudioVersion = 10.0.40219.1
Project("{2150E333-8FDC-42A3-9474-1A3956D46DE8}") = "FRONT", "FRONT", "{9BD97A2C-C82E-4BBB-8BF5-E82C5821EDD7}"
EndProject
Project("{9A19103F-16F7-4668-BE54-9A1E7A4F7556}") = "GSM00100Front", "FRONT\GS\GSM00100Front\GSM00100Front.csproj", "{A58F7056-B3A1-4432-A746-F63B7AD97592}"
EndProject
Project("{9A19103F-16F7-4668-BE54-9A1E7A4F7556}") = "GSM00100FrontResources", "FRONT\GS\GSM00100FrontResources\GSM00100FrontResources.csproj", "{22D960E4-A12E-45BC-8068-B62EB7FA8A06}"
EndProject
Project("{2150E333-8FDC-42A3-9474-1A3956D46DE8}") = "GSM00100", "GSM00100", "{994AF07D-B0DC-410E-A0CB-B67BB7D496F5}"
EndProject
Project("{9A19103F-16F7-4668-BE54-9A1E7A4F7556}") = "GSM00100Model", "FRONT\GS\GSM00100Model\GSM00100Model.csproj", "{49FDB30F-6034-474C-AA04-2D35F386A8EE}"
EndProject
Project("{2150E333-8FDC-42A3-9474-1A3956D46DE8}") = "MENU", "MENU", "{1BB944C9-68E3-4F02-BDC0-5A4C7571308D}"
EndProject
Project("{9A19103F-16F7-4668-BE54-9A1E7A4F7556}") = "BlazorClientHelper", "Menu\BlazorClientHelper\BlazorClientHelper.csproj", "{2FD89E72-7B96-44D2-934F-8F0BF5B2E96E}"
EndProject
Project("{9A19103F-16F7-4668-BE54-9A1E7A4F7556}") = "BlazorMenu", "Menu\BlazorMenu\BlazorMenu.csproj", "{4B2085F9-C333-4E98-A1E6-0888172C9267}"
EndProject
Project("{778DAE3C-4631-46EA-AA77-85C1314464D9}") = "BlazorMenuCommon", "Menu\BlazorMenuCommon\BlazorMenuCommon.vbproj", "{E734D409-DAF4-4EFA-90E2-AFF28E814C26}"
EndProject
Project("{2150E333-8FDC-42A3-9474-1A3956D46DE8}") = "GSM03000 - Other Charges", "GSM03000 - Other Charges", "{D02FD7D9-68D7-423A-9B5F-A40FB56749E3}"
EndProject
Project("{2150E333-8FDC-42A3-9474-1A3956D46DE8}") = "COMMON", "COMMON", "{36D040BA-7C73-49BB-BE88-4E011B5E3B40}"
EndProject
Project("{9A19103F-16F7-4668-BE54-9A1E7A4F7556}") = "GSM03000COMMON", "COMMON\GS\GSM03000COMMON\GSM03000COMMON.csproj", "{A655C903-24EF-432E-9F8B-2FED11B0DC76}"
EndProject
Project("{2150E333-8FDC-42A3-9474-1A3956D46DE8}") = "PublicLookup", "PublicLookup", "{5768C72B-4EE4-43D3-A24C-B22527A6A9EA}"
EndProject
Project("{9A19103F-16F7-4668-BE54-9A1E7A4F7556}") = "Lookup_GSModel", "..\..\BS Shared Form\SOURCE\FRONT\Lookup_GSModel\Lookup_GSModel.csproj", "{2C77E09E-6778-4441-9C31-40FBBD7813A2}"
EndProject
Project("{9A19103F-16F7-4668-BE54-9A1E7A4F7556}") = "Lookup_GSFRONT", "..\..\BS Shared Form\SOURCE\FRONT\Lookup_GSFRONT\Lookup_GSFRONT.csproj", "{B0704942-C551-4709-8AEB-9C820508B9D0}"
EndProject
Project("{9A19103F-16F7-4668-BE54-9A1E7A4F7556}") = "Lookup_GSCOMMON", "..\..\BS Shared Form\SOURCE\BACK\Lookup_GSCOMMON\Lookup_GSCOMMON.csproj", "{9EB54B93-401F-40C7-BB6F-7A16075EF856}"
EndProject
Project("{9A19103F-16F7-4668-BE54-9A1E7A4F7556}") = "Lookup_GSFrontResources", "..\..\BS Shared Form\SOURCE\FRONT\Lookup_GSFrontResources\Lookup_GSFrontResources.csproj", "{314662BA-9B99-4777-92FE-3115C8A29BCC}"
EndProject
Project("{9A19103F-16F7-4668-BE54-9A1E7A4F7556}") = "GSM03000FRONT", "FRONT\GSM03000FRONT\GSM03000FRONT.csproj", "{DBC1A234-BB45-4130-81C6-F26F62B1129E}"
EndProject
Project("{9A19103F-16F7-4668-BE54-9A1E7A4F7556}") = "GSM03000FrontResources", "FRONT\GSM03000FrontResources\GSM03000FrontResources.csproj", "{3AD88CFE-D21E-4BE2-A3AA-5C73D112F8E5}"
EndProject
Project("{9A19103F-16F7-4668-BE54-9A1E7A4F7556}") = "GSM03000MODEL", "FRONT\GSM03000MODEL\GSM03000MODEL.csproj", "{D2B24A8E-40AE-459C-B056-6DD02672D35B}"
EndProject
Global
	GlobalSection(SolutionConfigurationPlatforms) = preSolution
		Debug|Any CPU = Debug|Any CPU
		Release|Any CPU = Release|Any CPU
	EndGlobalSection
	GlobalSection(ProjectConfigurationPlatforms) = postSolution
		{A58F7056-B3A1-4432-A746-F63B7AD97592}.Debug|Any CPU.ActiveCfg = Debug|Any CPU
		{A58F7056-B3A1-4432-A746-F63B7AD97592}.Debug|Any CPU.Build.0 = Debug|Any CPU
		{A58F7056-B3A1-4432-A746-F63B7AD97592}.Release|Any CPU.ActiveCfg = Release|Any CPU
		{A58F7056-B3A1-4432-A746-F63B7AD97592}.Release|Any CPU.Build.0 = Release|Any CPU
		{22D960E4-A12E-45BC-8068-B62EB7FA8A06}.Debug|Any CPU.ActiveCfg = Debug|Any CPU
		{22D960E4-A12E-45BC-8068-B62EB7FA8A06}.Debug|Any CPU.Build.0 = Debug|Any CPU
		{22D960E4-A12E-45BC-8068-B62EB7FA8A06}.Release|Any CPU.ActiveCfg = Release|Any CPU
		{22D960E4-A12E-45BC-8068-B62EB7FA8A06}.Release|Any CPU.Build.0 = Release|Any CPU
		{49FDB30F-6034-474C-AA04-2D35F386A8EE}.Debug|Any CPU.ActiveCfg = Debug|Any CPU
		{49FDB30F-6034-474C-AA04-2D35F386A8EE}.Debug|Any CPU.Build.0 = Debug|Any CPU
		{49FDB30F-6034-474C-AA04-2D35F386A8EE}.Release|Any CPU.ActiveCfg = Release|Any CPU
		{49FDB30F-6034-474C-AA04-2D35F386A8EE}.Release|Any CPU.Build.0 = Release|Any CPU
		{2FD89E72-7B96-44D2-934F-8F0BF5B2E96E}.Debug|Any CPU.ActiveCfg = Debug|Any CPU
		{2FD89E72-7B96-44D2-934F-8F0BF5B2E96E}.Debug|Any CPU.Build.0 = Debug|Any CPU
		{2FD89E72-7B96-44D2-934F-8F0BF5B2E96E}.Release|Any CPU.ActiveCfg = Release|Any CPU
		{2FD89E72-7B96-44D2-934F-8F0BF5B2E96E}.Release|Any CPU.Build.0 = Release|Any CPU
		{4B2085F9-C333-4E98-A1E6-0888172C9267}.Debug|Any CPU.ActiveCfg = Debug|Any CPU
		{4B2085F9-C333-4E98-A1E6-0888172C9267}.Debug|Any CPU.Build.0 = Debug|Any CPU
		{4B2085F9-C333-4E98-A1E6-0888172C9267}.Release|Any CPU.ActiveCfg = Release|Any CPU
		{4B2085F9-C333-4E98-A1E6-0888172C9267}.Release|Any CPU.Build.0 = Release|Any CPU
		{E734D409-DAF4-4EFA-90E2-AFF28E814C26}.Debug|Any CPU.ActiveCfg = Debug|Any CPU
		{E734D409-DAF4-4EFA-90E2-AFF28E814C26}.Debug|Any CPU.Build.0 = Debug|Any CPU
		{E734D409-DAF4-4EFA-90E2-AFF28E814C26}.Release|Any CPU.ActiveCfg = Release|Any CPU
		{E734D409-DAF4-4EFA-90E2-AFF28E814C26}.Release|Any CPU.Build.0 = Release|Any CPU
		{A655C903-24EF-432E-9F8B-2FED11B0DC76}.Debug|Any CPU.ActiveCfg = Debug|Any CPU
		{A655C903-24EF-432E-9F8B-2FED11B0DC76}.Debug|Any CPU.Build.0 = Debug|Any CPU
		{A655C903-24EF-432E-9F8B-2FED11B0DC76}.Release|Any CPU.ActiveCfg = Release|Any CPU
		{A655C903-24EF-432E-9F8B-2FED11B0DC76}.Release|Any CPU.Build.0 = Release|Any CPU
		{2C77E09E-6778-4441-9C31-40FBBD7813A2}.Debug|Any CPU.ActiveCfg = Debug|Any CPU
		{2C77E09E-6778-4441-9C31-40FBBD7813A2}.Debug|Any CPU.Build.0 = Debug|Any CPU
		{2C77E09E-6778-4441-9C31-40FBBD7813A2}.Release|Any CPU.ActiveCfg = Release|Any CPU
		{2C77E09E-6778-4441-9C31-40FBBD7813A2}.Release|Any CPU.Build.0 = Release|Any CPU
		{B0704942-C551-4709-8AEB-9C820508B9D0}.Debug|Any CPU.ActiveCfg = Debug|Any CPU
		{B0704942-C551-4709-8AEB-9C820508B9D0}.Debug|Any CPU.Build.0 = Debug|Any CPU
		{B0704942-C551-4709-8AEB-9C820508B9D0}.Release|Any CPU.ActiveCfg = Release|Any CPU
		{B0704942-C551-4709-8AEB-9C820508B9D0}.Release|Any CPU.Build.0 = Release|Any CPU
		{9EB54B93-401F-40C7-BB6F-7A16075EF856}.Debug|Any CPU.ActiveCfg = Debug|Any CPU
		{9EB54B93-401F-40C7-BB6F-7A16075EF856}.Debug|Any CPU.Build.0 = Debug|Any CPU
		{9EB54B93-401F-40C7-BB6F-7A16075EF856}.Release|Any CPU.ActiveCfg = Release|Any CPU
		{9EB54B93-401F-40C7-BB6F-7A16075EF856}.Release|Any CPU.Build.0 = Release|Any CPU
		{314662BA-9B99-4777-92FE-3115C8A29BCC}.Debug|Any CPU.ActiveCfg = Debug|Any CPU
		{314662BA-9B99-4777-92FE-3115C8A29BCC}.Debug|Any CPU.Build.0 = Debug|Any CPU
		{314662BA-9B99-4777-92FE-3115C8A29BCC}.Release|Any CPU.ActiveCfg = Release|Any CPU
		{314662BA-9B99-4777-92FE-3115C8A29BCC}.Release|Any CPU.Build.0 = Release|Any CPU
		{DBC1A234-BB45-4130-81C6-F26F62B1129E}.Debug|Any CPU.ActiveCfg = Debug|Any CPU
		{DBC1A234-BB45-4130-81C6-F26F62B1129E}.Debug|Any CPU.Build.0 = Debug|Any CPU
		{DBC1A234-BB45-4130-81C6-F26F62B1129E}.Release|Any CPU.ActiveCfg = Release|Any CPU
		{DBC1A234-BB45-4130-81C6-F26F62B1129E}.Release|Any CPU.Build.0 = Release|Any CPU
		{3AD88CFE-D21E-4BE2-A3AA-5C73D112F8E5}.Debug|Any CPU.ActiveCfg = Debug|Any CPU
		{3AD88CFE-D21E-4BE2-A3AA-5C73D112F8E5}.Debug|Any CPU.Build.0 = Debug|Any CPU
		{3AD88CFE-D21E-4BE2-A3AA-5C73D112F8E5}.Release|Any CPU.ActiveCfg = Release|Any CPU
		{3AD88CFE-D21E-4BE2-A3AA-5C73D112F8E5}.Release|Any CPU.Build.0 = Release|Any CPU
		{D2B24A8E-40AE-459C-B056-6DD02672D35B}.Debug|Any CPU.ActiveCfg = Debug|Any CPU
		{D2B24A8E-40AE-459C-B056-6DD02672D35B}.Debug|Any CPU.Build.0 = Debug|Any CPU
		{D2B24A8E-40AE-459C-B056-6DD02672D35B}.Release|Any CPU.ActiveCfg = Release|Any CPU
		{D2B24A8E-40AE-459C-B056-6DD02672D35B}.Release|Any CPU.Build.0 = Release|Any CPU
	EndGlobalSection
	GlobalSection(SolutionProperties) = preSolution
		HideSolutionNode = FALSE
	EndGlobalSection
	GlobalSection(NestedProjects) = preSolution
		{A58F7056-B3A1-4432-A746-F63B7AD97592} = {994AF07D-B0DC-410E-A0CB-B67BB7D496F5}
		{22D960E4-A12E-45BC-8068-B62EB7FA8A06} = {994AF07D-B0DC-410E-A0CB-B67BB7D496F5}
		{994AF07D-B0DC-410E-A0CB-B67BB7D496F5} = {9BD97A2C-C82E-4BBB-8BF5-E82C5821EDD7}
		{49FDB30F-6034-474C-AA04-2D35F386A8EE} = {994AF07D-B0DC-410E-A0CB-B67BB7D496F5}
		{2FD89E72-7B96-44D2-934F-8F0BF5B2E96E} = {1BB944C9-68E3-4F02-BDC0-5A4C7571308D}
		{4B2085F9-C333-4E98-A1E6-0888172C9267} = {1BB944C9-68E3-4F02-BDC0-5A4C7571308D}
		{E734D409-DAF4-4EFA-90E2-AFF28E814C26} = {1BB944C9-68E3-4F02-BDC0-5A4C7571308D}
		{D02FD7D9-68D7-423A-9B5F-A40FB56749E3} = {9BD97A2C-C82E-4BBB-8BF5-E82C5821EDD7}
		{A655C903-24EF-432E-9F8B-2FED11B0DC76} = {36D040BA-7C73-49BB-BE88-4E011B5E3B40}
		{5768C72B-4EE4-43D3-A24C-B22527A6A9EA} = {9BD97A2C-C82E-4BBB-8BF5-E82C5821EDD7}
		{2C77E09E-6778-4441-9C31-40FBBD7813A2} = {5768C72B-4EE4-43D3-A24C-B22527A6A9EA}
		{B0704942-C551-4709-8AEB-9C820508B9D0} = {5768C72B-4EE4-43D3-A24C-B22527A6A9EA}
		{9EB54B93-401F-40C7-BB6F-7A16075EF856} = {36D040BA-7C73-49BB-BE88-4E011B5E3B40}
		{314662BA-9B99-4777-92FE-3115C8A29BCC} = {5768C72B-4EE4-43D3-A24C-B22527A6A9EA}
		{DBC1A234-BB45-4130-81C6-F26F62B1129E} = {D02FD7D9-68D7-423A-9B5F-A40FB56749E3}
		{3AD88CFE-D21E-4BE2-A3AA-5C73D112F8E5} = {D02FD7D9-68D7-423A-9B5F-A40FB56749E3}
		{D2B24A8E-40AE-459C-B056-6DD02672D35B} = {D02FD7D9-68D7-423A-9B5F-A40FB56749E3}
	EndGlobalSection
	GlobalSection(ExtensibilityGlobals) = postSolution
		SolutionGuid = {E7B78B5E-8DE2-4C73-8F18-FA540EDE69D7}
	EndGlobalSection
EndGlobal
