
Microsoft Visual Studio Solution File, Format Version 12.00
# Visual Studio Version 17
VisualStudioVersion = 17.5.33627.172
MinimumVisualStudioVersion = 10.0.40219.1
Project("{2150E333-8FDC-42A3-9474-1A3956D46DE8}") = "FRONT", "FRONT", "{9BD97A2C-C82E-4BBB-8BF5-E82C5821EDD7}"
EndProject
Project("{2150E333-8FDC-42A3-9474-1A3956D46DE8}") = "MENU", "MENU", "{1BB944C9-68E3-4F02-BDC0-5A4C7571308D}"
EndProject
Project("{2150E333-8FDC-42A3-9474-1A3956D46DE8}") = "GSM03000 - Other Charges", "GSM03000 - Other Charges", "{D02FD7D9-68D7-423A-9B5F-A40FB56749E3}"
EndProject
Project("{2150E333-8FDC-42A3-9474-1A3956D46DE8}") = "COMMON", "COMMON", "{36D040BA-7C73-49BB-BE88-4E011B5E3B40}"
EndProject
Project("{9A19103F-16F7-4668-BE54-9A1E7A4F7556}") = "GSM03000COMMON", "COMMON\GS\GSM03000COMMON\GSM03000COMMON.csproj", "{A655C903-24EF-432E-9F8B-2FED11B0DC76}"
EndProject
Project("{2150E333-8FDC-42A3-9474-1A3956D46DE8}") = "PublicLookup", "PublicLookup", "{5768C72B-4EE4-43D3-A24C-B22527A6A9EA}"
EndProject
Project("{9A19103F-16F7-4668-BE54-9A1E7A4F7556}") = "Lookup_GSModel", "..\..\BS Shared Form\SOURCE\FRONT\Lookup_GSModel\Lookup_GSModel.csproj", "{2C77E09E-6778-4441-9C31-40FBBD7813A2}"
EndProject
Project("{9A19103F-16F7-4668-BE54-9A1E7A4F7556}") = "Lookup_GSFRONT", "..\..\BS Shared Form\SOURCE\FRONT\Lookup_GSFRONT\Lookup_GSFRONT.csproj", "{B0704942-C551-4709-8AEB-9C820508B9D0}"
EndProject
Project("{9A19103F-16F7-4668-BE54-9A1E7A4F7556}") = "Lookup_GSCOMMON", "..\..\BS Shared Form\SOURCE\BACK\Lookup_GSCOMMON\Lookup_GSCOMMON.csproj", "{9EB54B93-401F-40C7-BB6F-7A16075EF856}"
EndProject
Project("{9A19103F-16F7-4668-BE54-9A1E7A4F7556}") = "Lookup_GSFrontResources", "..\..\BS Shared Form\SOURCE\FRONT\Lookup_GSFrontResources\Lookup_GSFrontResources.csproj", "{314662BA-9B99-4777-92FE-3115C8A29BCC}"
EndProject
Project("{9A19103F-16F7-4668-BE54-9A1E7A4F7556}") = "GSM03000FRONT", "FRONT\GSM03000FRONT\GSM03000FRONT.csproj", "{DBC1A234-BB45-4130-81C6-F26F62B1129E}"
EndProject
Project("{9A19103F-16F7-4668-BE54-9A1E7A4F7556}") = "GSM03000FrontResources", "FRONT\GSM03000FrontResources\GSM03000FrontResources.csproj", "{3AD88CFE-D21E-4BE2-A3AA-5C73D112F8E5}"
EndProject
Project("{9A19103F-16F7-4668-BE54-9A1E7A4F7556}") = "GSM03000MODEL", "FRONT\GSM03000MODEL\GSM03000MODEL.csproj", "{D2B24A8E-40AE-459C-B056-6DD02672D35B}"
EndProject
Project("{2150E333-8FDC-42A3-9474-1A3956D46DE8}") = "Active_Inactive", "Active_Inactive", "{8FB49EE7-9B61-44E6-A326-1F0B390FFDC7}"
EndProject
Project("{9A19103F-16F7-4668-BE54-9A1E7A4F7556}") = "GFF00900COMMON", "..\..\BS Shared Form\SOURCE\BACK\GFF00900COMMON\GFF00900COMMON.csproj", "{0C7689F2-EFAD-41AE-B6E9-5EE7B6C4F10A}"
EndProject
Project("{9A19103F-16F7-4668-BE54-9A1E7A4F7556}") = "GFF00900Model", "..\..\BS Shared Form\SOURCE\FRONT\GFF00900Model\GFF00900Model.csproj", "{F1942100-68F0-4525-9196-73C477BE4CFB}"
EndProject
Project("{9A19103F-16F7-4668-BE54-9A1E7A4F7556}") = "GFF00900FRONT", "..\..\BS Shared Form\SOURCE\FRONT\GFF00900FRONT\GFF00900FRONT.csproj", "{97C918F0-7680-41FB-A21B-277BC2EAB913}"
EndProject
Project("{2150E333-8FDC-42A3-9474-1A3956D46DE8}") = "LMM01500 - Invoice Group", "LMM01500 - Invoice Group", "{63A26A38-5C49-444B-BDF1-ACEE0EDE67A0}"
EndProject
Project("{9A19103F-16F7-4668-BE54-9A1E7A4F7556}") = "LMM01500FrontResources", "FRONT\LMM01500FrontResources\LMM01500FrontResources.csproj", "{3AA3D577-C6DE-4B4F-A0C2-EAB630584C95}"
EndProject
Project("{9A19103F-16F7-4668-BE54-9A1E7A4F7556}") = "LMM01500MODEL", "FRONT\LMM01500MODEL\LMM01500MODEL.csproj", "{50DE871E-CB99-4F02-9C6B-3A03361AE75E}"
EndProject
Project("{9A19103F-16F7-4668-BE54-9A1E7A4F7556}") = "LMM01500FRONT", "FRONT\LMM01500FRONT\LMM01500FRONT.csproj", "{0186CD8A-8F29-467A-ABB2-6ED25B8B3933}"
EndProject
Project("{9A19103F-16F7-4668-BE54-9A1E7A4F7556}") = "LMM01500COMMON", "COMMON\LM\LMM01500COMMON\LMM01500COMMON.csproj", "{1BD22681-56AB-4EF7-A9E5-8139CD7843B9}"
EndProject
Project("{9A19103F-16F7-4668-BE54-9A1E7A4F7556}") = "BlazorMenu", "Menu\BlazorMenu\BlazorMenu.csproj", "{F2CD46AC-110A-45FE-A438-1AADEBBF10E7}"
EndProject
Project("{9A19103F-16F7-4668-BE54-9A1E7A4F7556}") = "LMM01000COMMON", "COMMON\LM\LMM01000COMMON\LMM01000COMMON.csproj", "{DFE77955-7EF9-41CE-A7D9-00021E821817}"
EndProject
Project("{2150E333-8FDC-42A3-9474-1A3956D46DE8}") = "LMM01000 - Utility Charges", "LMM01000 - Utility Charges", "{C821F075-4F7D-4950-8500-82FA0EBBC357}"
EndProject
Project("{9A19103F-16F7-4668-BE54-9A1E7A4F7556}") = "LMM01000MODEL", "FRONT\LMM01000MODEL\LMM01000MODEL.csproj", "{41946688-A670-417C-AF28-AF42BCA1E726}"
EndProject
Project("{9A19103F-16F7-4668-BE54-9A1E7A4F7556}") = "LMM01000FrontResources", "FRONT\LMM01000FrontResources\LMM01000FrontResources.csproj", "{02B75D63-47D1-497F-8665-FCDE514DCD07}"
EndProject
Project("{9A19103F-16F7-4668-BE54-9A1E7A4F7556}") = "LMM01000FRONT", "FRONT\LMM01000FRONT\LMM01000FRONT.csproj", "{A19ACA52-D42B-433A-8C7A-6DAD6C4F724E}"
EndProject
Project("{2150E333-8FDC-42A3-9474-1A3956D46DE8}") = "LMM06500 - Staff", "LMM06500 - Staff", "{C577AFCA-A63C-4D0E-99AD-B57E016AA767}"
EndProject
Project("{9A19103F-16F7-4668-BE54-9A1E7A4F7556}") = "LMM06500COMMON", "COMMON\LM\LMM06500COMMON\LMM06500COMMON.csproj", "{8F64F12C-0F9C-4F94-991C-97D2B1FDC732}"
EndProject
Project("{FAE04EC0-301F-11D3-BF4B-00C04F79EFBC}") = "LMM06500FrontResources", "FRONT\LMM06500FrontResources\LMM06500FrontResources.csproj", "{555113F3-C14A-479D-AE80-6A2A275056FD}"
EndProject
Project("{FAE04EC0-301F-11D3-BF4B-00C04F79EFBC}") = "LMM06500MODEL", "FRONT\LMM06500MODEL\LMM06500MODEL.csproj", "{CD381278-0465-40E5-8CDA-D83B506D9AE3}"
EndProject
Project("{FAE04EC0-301F-11D3-BF4B-00C04F79EFBC}") = "LMM06500FRONT", "FRONT\LMM06500FRONT\LMM06500FRONT.csproj", "{F0A57C7A-BEA6-40F3-97C9-42238B875710}"
EndProject
Global
	GlobalSection(SolutionConfigurationPlatforms) = preSolution
		Debug|Any CPU = Debug|Any CPU
		Release|Any CPU = Release|Any CPU
	EndGlobalSection
	GlobalSection(ProjectConfigurationPlatforms) = postSolution
		{A655C903-24EF-432E-9F8B-2FED11B0DC76}.Debug|Any CPU.ActiveCfg = Debug|Any CPU
		{A655C903-24EF-432E-9F8B-2FED11B0DC76}.Debug|Any CPU.Build.0 = Debug|Any CPU
		{A655C903-24EF-432E-9F8B-2FED11B0DC76}.Release|Any CPU.ActiveCfg = Release|Any CPU
		{A655C903-24EF-432E-9F8B-2FED11B0DC76}.Release|Any CPU.Build.0 = Release|Any CPU
		{2C77E09E-6778-4441-9C31-40FBBD7813A2}.Debug|Any CPU.ActiveCfg = Debug|Any CPU
		{2C77E09E-6778-4441-9C31-40FBBD7813A2}.Debug|Any CPU.Build.0 = Debug|Any CPU
		{2C77E09E-6778-4441-9C31-40FBBD7813A2}.Release|Any CPU.ActiveCfg = Release|Any CPU
		{2C77E09E-6778-4441-9C31-40FBBD7813A2}.Release|Any CPU.Build.0 = Release|Any CPU
		{B0704942-C551-4709-8AEB-9C820508B9D0}.Debug|Any CPU.ActiveCfg = Debug|Any CPU
		{B0704942-C551-4709-8AEB-9C820508B9D0}.Debug|Any CPU.Build.0 = Debug|Any CPU
		{B0704942-C551-4709-8AEB-9C820508B9D0}.Release|Any CPU.ActiveCfg = Release|Any CPU
		{B0704942-C551-4709-8AEB-9C820508B9D0}.Release|Any CPU.Build.0 = Release|Any CPU
		{9EB54B93-401F-40C7-BB6F-7A16075EF856}.Debug|Any CPU.ActiveCfg = Debug|Any CPU
		{9EB54B93-401F-40C7-BB6F-7A16075EF856}.Debug|Any CPU.Build.0 = Debug|Any CPU
		{9EB54B93-401F-40C7-BB6F-7A16075EF856}.Release|Any CPU.ActiveCfg = Release|Any CPU
		{9EB54B93-401F-40C7-BB6F-7A16075EF856}.Release|Any CPU.Build.0 = Release|Any CPU
		{314662BA-9B99-4777-92FE-3115C8A29BCC}.Debug|Any CPU.ActiveCfg = Debug|Any CPU
		{314662BA-9B99-4777-92FE-3115C8A29BCC}.Debug|Any CPU.Build.0 = Debug|Any CPU
		{314662BA-9B99-4777-92FE-3115C8A29BCC}.Release|Any CPU.ActiveCfg = Release|Any CPU
		{314662BA-9B99-4777-92FE-3115C8A29BCC}.Release|Any CPU.Build.0 = Release|Any CPU
		{DBC1A234-BB45-4130-81C6-F26F62B1129E}.Debug|Any CPU.ActiveCfg = Debug|Any CPU
		{DBC1A234-BB45-4130-81C6-F26F62B1129E}.Debug|Any CPU.Build.0 = Debug|Any CPU
		{DBC1A234-BB45-4130-81C6-F26F62B1129E}.Release|Any CPU.ActiveCfg = Release|Any CPU
		{DBC1A234-BB45-4130-81C6-F26F62B1129E}.Release|Any CPU.Build.0 = Release|Any CPU
		{3AD88CFE-D21E-4BE2-A3AA-5C73D112F8E5}.Debug|Any CPU.ActiveCfg = Debug|Any CPU
		{3AD88CFE-D21E-4BE2-A3AA-5C73D112F8E5}.Debug|Any CPU.Build.0 = Debug|Any CPU
		{3AD88CFE-D21E-4BE2-A3AA-5C73D112F8E5}.Release|Any CPU.ActiveCfg = Release|Any CPU
		{3AD88CFE-D21E-4BE2-A3AA-5C73D112F8E5}.Release|Any CPU.Build.0 = Release|Any CPU
		{D2B24A8E-40AE-459C-B056-6DD02672D35B}.Debug|Any CPU.ActiveCfg = Debug|Any CPU
		{D2B24A8E-40AE-459C-B056-6DD02672D35B}.Debug|Any CPU.Build.0 = Debug|Any CPU
		{D2B24A8E-40AE-459C-B056-6DD02672D35B}.Release|Any CPU.ActiveCfg = Release|Any CPU
		{D2B24A8E-40AE-459C-B056-6DD02672D35B}.Release|Any CPU.Build.0 = Release|Any CPU
		{0C7689F2-EFAD-41AE-B6E9-5EE7B6C4F10A}.Debug|Any CPU.ActiveCfg = Debug|Any CPU
		{0C7689F2-EFAD-41AE-B6E9-5EE7B6C4F10A}.Debug|Any CPU.Build.0 = Debug|Any CPU
		{0C7689F2-EFAD-41AE-B6E9-5EE7B6C4F10A}.Release|Any CPU.ActiveCfg = Release|Any CPU
		{0C7689F2-EFAD-41AE-B6E9-5EE7B6C4F10A}.Release|Any CPU.Build.0 = Release|Any CPU
		{F1942100-68F0-4525-9196-73C477BE4CFB}.Debug|Any CPU.ActiveCfg = Debug|Any CPU
		{F1942100-68F0-4525-9196-73C477BE4CFB}.Debug|Any CPU.Build.0 = Debug|Any CPU
		{F1942100-68F0-4525-9196-73C477BE4CFB}.Release|Any CPU.ActiveCfg = Release|Any CPU
		{F1942100-68F0-4525-9196-73C477BE4CFB}.Release|Any CPU.Build.0 = Release|Any CPU
		{97C918F0-7680-41FB-A21B-277BC2EAB913}.Debug|Any CPU.ActiveCfg = Debug|Any CPU
		{97C918F0-7680-41FB-A21B-277BC2EAB913}.Debug|Any CPU.Build.0 = Debug|Any CPU
		{97C918F0-7680-41FB-A21B-277BC2EAB913}.Release|Any CPU.ActiveCfg = Release|Any CPU
		{97C918F0-7680-41FB-A21B-277BC2EAB913}.Release|Any CPU.Build.0 = Release|Any CPU
		{3AA3D577-C6DE-4B4F-A0C2-EAB630584C95}.Debug|Any CPU.ActiveCfg = Debug|Any CPU
		{3AA3D577-C6DE-4B4F-A0C2-EAB630584C95}.Debug|Any CPU.Build.0 = Debug|Any CPU
		{3AA3D577-C6DE-4B4F-A0C2-EAB630584C95}.Release|Any CPU.ActiveCfg = Release|Any CPU
		{3AA3D577-C6DE-4B4F-A0C2-EAB630584C95}.Release|Any CPU.Build.0 = Release|Any CPU
		{50DE871E-CB99-4F02-9C6B-3A03361AE75E}.Debug|Any CPU.ActiveCfg = Debug|Any CPU
		{50DE871E-CB99-4F02-9C6B-3A03361AE75E}.Debug|Any CPU.Build.0 = Debug|Any CPU
		{50DE871E-CB99-4F02-9C6B-3A03361AE75E}.Release|Any CPU.ActiveCfg = Release|Any CPU
		{50DE871E-CB99-4F02-9C6B-3A03361AE75E}.Release|Any CPU.Build.0 = Release|Any CPU
		{0186CD8A-8F29-467A-ABB2-6ED25B8B3933}.Debug|Any CPU.ActiveCfg = Debug|Any CPU
		{0186CD8A-8F29-467A-ABB2-6ED25B8B3933}.Debug|Any CPU.Build.0 = Debug|Any CPU
		{0186CD8A-8F29-467A-ABB2-6ED25B8B3933}.Release|Any CPU.ActiveCfg = Release|Any CPU
		{0186CD8A-8F29-467A-ABB2-6ED25B8B3933}.Release|Any CPU.Build.0 = Release|Any CPU
		{1BD22681-56AB-4EF7-A9E5-8139CD7843B9}.Debug|Any CPU.ActiveCfg = Debug|Any CPU
		{1BD22681-56AB-4EF7-A9E5-8139CD7843B9}.Debug|Any CPU.Build.0 = Debug|Any CPU
		{1BD22681-56AB-4EF7-A9E5-8139CD7843B9}.Release|Any CPU.ActiveCfg = Release|Any CPU
		{1BD22681-56AB-4EF7-A9E5-8139CD7843B9}.Release|Any CPU.Build.0 = Release|Any CPU
		{F2CD46AC-110A-45FE-A438-1AADEBBF10E7}.Debug|Any CPU.ActiveCfg = Debug|Any CPU
		{F2CD46AC-110A-45FE-A438-1AADEBBF10E7}.Debug|Any CPU.Build.0 = Debug|Any CPU
		{F2CD46AC-110A-45FE-A438-1AADEBBF10E7}.Release|Any CPU.ActiveCfg = Release|Any CPU
		{F2CD46AC-110A-45FE-A438-1AADEBBF10E7}.Release|Any CPU.Build.0 = Release|Any CPU
		{DFE77955-7EF9-41CE-A7D9-00021E821817}.Debug|Any CPU.ActiveCfg = Debug|Any CPU
		{DFE77955-7EF9-41CE-A7D9-00021E821817}.Debug|Any CPU.Build.0 = Debug|Any CPU
		{DFE77955-7EF9-41CE-A7D9-00021E821817}.Release|Any CPU.ActiveCfg = Release|Any CPU
		{DFE77955-7EF9-41CE-A7D9-00021E821817}.Release|Any CPU.Build.0 = Release|Any CPU
		{41946688-A670-417C-AF28-AF42BCA1E726}.Debug|Any CPU.ActiveCfg = Debug|Any CPU
		{41946688-A670-417C-AF28-AF42BCA1E726}.Debug|Any CPU.Build.0 = Debug|Any CPU
		{41946688-A670-417C-AF28-AF42BCA1E726}.Release|Any CPU.ActiveCfg = Release|Any CPU
		{41946688-A670-417C-AF28-AF42BCA1E726}.Release|Any CPU.Build.0 = Release|Any CPU
		{02B75D63-47D1-497F-8665-FCDE514DCD07}.Debug|Any CPU.ActiveCfg = Debug|Any CPU
		{02B75D63-47D1-497F-8665-FCDE514DCD07}.Debug|Any CPU.Build.0 = Debug|Any CPU
		{02B75D63-47D1-497F-8665-FCDE514DCD07}.Release|Any CPU.ActiveCfg = Release|Any CPU
		{02B75D63-47D1-497F-8665-FCDE514DCD07}.Release|Any CPU.Build.0 = Release|Any CPU
		{A19ACA52-D42B-433A-8C7A-6DAD6C4F724E}.Debug|Any CPU.ActiveCfg = Debug|Any CPU
		{A19ACA52-D42B-433A-8C7A-6DAD6C4F724E}.Debug|Any CPU.Build.0 = Debug|Any CPU
		{A19ACA52-D42B-433A-8C7A-6DAD6C4F724E}.Release|Any CPU.ActiveCfg = Release|Any CPU
		{A19ACA52-D42B-433A-8C7A-6DAD6C4F724E}.Release|Any CPU.Build.0 = Release|Any CPU
		{8F64F12C-0F9C-4F94-991C-97D2B1FDC732}.Debug|Any CPU.ActiveCfg = Debug|Any CPU
		{8F64F12C-0F9C-4F94-991C-97D2B1FDC732}.Debug|Any CPU.Build.0 = Debug|Any CPU
		{8F64F12C-0F9C-4F94-991C-97D2B1FDC732}.Release|Any CPU.ActiveCfg = Release|Any CPU
		{8F64F12C-0F9C-4F94-991C-97D2B1FDC732}.Release|Any CPU.Build.0 = Release|Any CPU
		{555113F3-C14A-479D-AE80-6A2A275056FD}.Debug|Any CPU.ActiveCfg = Debug|Any CPU
		{555113F3-C14A-479D-AE80-6A2A275056FD}.Debug|Any CPU.Build.0 = Debug|Any CPU
		{555113F3-C14A-479D-AE80-6A2A275056FD}.Release|Any CPU.ActiveCfg = Release|Any CPU
		{555113F3-C14A-479D-AE80-6A2A275056FD}.Release|Any CPU.Build.0 = Release|Any CPU
		{CD381278-0465-40E5-8CDA-D83B506D9AE3}.Debug|Any CPU.ActiveCfg = Debug|Any CPU
		{CD381278-0465-40E5-8CDA-D83B506D9AE3}.Debug|Any CPU.Build.0 = Debug|Any CPU
		{CD381278-0465-40E5-8CDA-D83B506D9AE3}.Release|Any CPU.ActiveCfg = Release|Any CPU
		{CD381278-0465-40E5-8CDA-D83B506D9AE3}.Release|Any CPU.Build.0 = Release|Any CPU
		{F0A57C7A-BEA6-40F3-97C9-42238B875710}.Debug|Any CPU.ActiveCfg = Debug|Any CPU
		{F0A57C7A-BEA6-40F3-97C9-42238B875710}.Debug|Any CPU.Build.0 = Debug|Any CPU
		{F0A57C7A-BEA6-40F3-97C9-42238B875710}.Release|Any CPU.ActiveCfg = Release|Any CPU
		{F0A57C7A-BEA6-40F3-97C9-42238B875710}.Release|Any CPU.Build.0 = Release|Any CPU
	EndGlobalSection
	GlobalSection(SolutionProperties) = preSolution
		HideSolutionNode = FALSE
	EndGlobalSection
	GlobalSection(NestedProjects) = preSolution
		{D02FD7D9-68D7-423A-9B5F-A40FB56749E3} = {9BD97A2C-C82E-4BBB-8BF5-E82C5821EDD7}
		{A655C903-24EF-432E-9F8B-2FED11B0DC76} = {36D040BA-7C73-49BB-BE88-4E011B5E3B40}
		{5768C72B-4EE4-43D3-A24C-B22527A6A9EA} = {9BD97A2C-C82E-4BBB-8BF5-E82C5821EDD7}
		{2C77E09E-6778-4441-9C31-40FBBD7813A2} = {5768C72B-4EE4-43D3-A24C-B22527A6A9EA}
		{B0704942-C551-4709-8AEB-9C820508B9D0} = {5768C72B-4EE4-43D3-A24C-B22527A6A9EA}
		{9EB54B93-401F-40C7-BB6F-7A16075EF856} = {36D040BA-7C73-49BB-BE88-4E011B5E3B40}
		{314662BA-9B99-4777-92FE-3115C8A29BCC} = {5768C72B-4EE4-43D3-A24C-B22527A6A9EA}
		{DBC1A234-BB45-4130-81C6-F26F62B1129E} = {D02FD7D9-68D7-423A-9B5F-A40FB56749E3}
		{3AD88CFE-D21E-4BE2-A3AA-5C73D112F8E5} = {D02FD7D9-68D7-423A-9B5F-A40FB56749E3}
		{D2B24A8E-40AE-459C-B056-6DD02672D35B} = {D02FD7D9-68D7-423A-9B5F-A40FB56749E3}
		{8FB49EE7-9B61-44E6-A326-1F0B390FFDC7} = {9BD97A2C-C82E-4BBB-8BF5-E82C5821EDD7}
		{0C7689F2-EFAD-41AE-B6E9-5EE7B6C4F10A} = {36D040BA-7C73-49BB-BE88-4E011B5E3B40}
		{F1942100-68F0-4525-9196-73C477BE4CFB} = {8FB49EE7-9B61-44E6-A326-1F0B390FFDC7}
		{97C918F0-7680-41FB-A21B-277BC2EAB913} = {8FB49EE7-9B61-44E6-A326-1F0B390FFDC7}
		{63A26A38-5C49-444B-BDF1-ACEE0EDE67A0} = {9BD97A2C-C82E-4BBB-8BF5-E82C5821EDD7}
		{3AA3D577-C6DE-4B4F-A0C2-EAB630584C95} = {63A26A38-5C49-444B-BDF1-ACEE0EDE67A0}
		{50DE871E-CB99-4F02-9C6B-3A03361AE75E} = {63A26A38-5C49-444B-BDF1-ACEE0EDE67A0}
		{0186CD8A-8F29-467A-ABB2-6ED25B8B3933} = {63A26A38-5C49-444B-BDF1-ACEE0EDE67A0}
		{1BD22681-56AB-4EF7-A9E5-8139CD7843B9} = {36D040BA-7C73-49BB-BE88-4E011B5E3B40}
		{F2CD46AC-110A-45FE-A438-1AADEBBF10E7} = {1BB944C9-68E3-4F02-BDC0-5A4C7571308D}
		{DFE77955-7EF9-41CE-A7D9-00021E821817} = {36D040BA-7C73-49BB-BE88-4E011B5E3B40}
		{C821F075-4F7D-4950-8500-82FA0EBBC357} = {9BD97A2C-C82E-4BBB-8BF5-E82C5821EDD7}
		{41946688-A670-417C-AF28-AF42BCA1E726} = {C821F075-4F7D-4950-8500-82FA0EBBC357}
		{02B75D63-47D1-497F-8665-FCDE514DCD07} = {C821F075-4F7D-4950-8500-82FA0EBBC357}
		{A19ACA52-D42B-433A-8C7A-6DAD6C4F724E} = {C821F075-4F7D-4950-8500-82FA0EBBC357}
		{C577AFCA-A63C-4D0E-99AD-B57E016AA767} = {9BD97A2C-C82E-4BBB-8BF5-E82C5821EDD7}
		{8F64F12C-0F9C-4F94-991C-97D2B1FDC732} = {36D040BA-7C73-49BB-BE88-4E011B5E3B40}
		{555113F3-C14A-479D-AE80-6A2A275056FD} = {C577AFCA-A63C-4D0E-99AD-B57E016AA767}
		{CD381278-0465-40E5-8CDA-D83B506D9AE3} = {C577AFCA-A63C-4D0E-99AD-B57E016AA767}
		{F0A57C7A-BEA6-40F3-97C9-42238B875710} = {C577AFCA-A63C-4D0E-99AD-B57E016AA767}
	EndGlobalSection
	GlobalSection(ExtensibilityGlobals) = postSolution
		SolutionGuid = {E7B78B5E-8DE2-4C73-8F18-FA540EDE69D7}
	EndGlobalSection
EndGlobal
