
Microsoft Visual Studio Solution File, Format Version 12.00
# Visual Studio Version 17
VisualStudioVersion = 17.5.33627.172
MinimumVisualStudioVersion = 10.0.40219.1
Project("{2150E333-8FDC-42A3-9474-1A3956D46DE8}") = "BACK", "BACK", "{9A88ACE1-E08A-4650-93AD-A84642F274BB}"
EndProject
Project("{2150E333-8FDC-42A3-9474-1A3956D46DE8}") = "SPR", "SPR", "{FEBCC389-15E9-45D8-894D-D105A725441A}"
EndProject
Project("{2150E333-8FDC-42A3-9474-1A3956D46DE8}") = "COMMON", "COMMON", "{FA3B4DBA-EFD5-431A-B5F8-074975E4D91B}"
EndProject
Project("{2150E333-8FDC-42A3-9474-1A3956D46DE8}") = "SERVICE", "SERVICE", "{3F304EDC-E2D8-4A01-B168-01114FDF0335}"
EndProject
Project("{2150E333-8FDC-42A3-9474-1A3956D46DE8}") = "API", "API", "{C3EAE219-7C8B-4C0B-B9AA-C36E59A59874}"
EndProject
Project("{9A19103F-16F7-4668-BE54-9A1E7A4F7556}") = "BIMASAKTI_GS_API", "API\GS\BIMASAKTI_GS_API\BIMASAKTI_GS_API.csproj", "{B39B82B8-79EA-4E46-A0E6-773A908ED7E1}"
EndProject
Project("{778DAE3C-4631-46EA-AA77-85C1314464D9}") = "R_SecurityTokenBack", "BACK\GS\R_SecurityTokenBack\R_SecurityTokenBack.vbproj", "{8292E015-42AC-4180-BA4D-127210A5ED67}"
EndProject
Project("{9A19103F-16F7-4668-BE54-9A1E7A4F7556}") = "R_SecurityTokenService", "SERVICE\GS\R_SecurityTokenService\R_SecurityTokenService.csproj", "{0897E7AD-C406-407C-9292-F4FD4EF33FBC}"
EndProject
Project("{778DAE3C-4631-46EA-AA77-85C1314464D9}") = "R_SecurityPolicyBack", "BACK\GS\R_SecurityPolicyBack\R_SecurityPolicyBack.vbproj", "{3599AACB-2501-46F8-8537-5C02B2429F03}"
EndProject
Project("{9A19103F-16F7-4668-BE54-9A1E7A4F7556}") = "R_SecurityPolicyService", "SERVICE\GS\R_SecurityPolicyService\R_SecurityPolicyService.csproj", "{8D885199-C202-488D-A12B-692CEB1049ED}"
EndProject
Project("{778DAE3C-4631-46EA-AA77-85C1314464D9}") = "BlazorMenuBack", "BACK\GS\BlazorMenuBack\BlazorMenuBack.vbproj", "{2C7A0F14-A204-4408-833C-332123EDF634}"
EndProject
Project("{9A19103F-16F7-4668-BE54-9A1E7A4F7556}") = "BlazorMenuService", "SERVICE\GS\BlazorMenuService\BlazorMenuService.csproj", "{8A5CA6A5-94DF-40B0-9661-081AEC0AA723}"
EndProject
Project("{9A19103F-16F7-4668-BE54-9A1E7A4F7556}") = "GSM03000BACK", "BACK\GS\GSM03000BACK\GSM03000BACK.csproj", "{82E61718-CC35-4C1C-87E9-6F4110CC406D}"
EndProject
Project("{9A19103F-16F7-4668-BE54-9A1E7A4F7556}") = "GSM03000COMMON", "COMMON\GS\GSM03000COMMON\GSM03000COMMON.csproj", "{763DE054-1941-4FE9-9526-DFD60527F023}"
EndProject
Project("{9A19103F-16F7-4668-BE54-9A1E7A4F7556}") = "GSM03000SERVICE", "SERVICE\GS\GSM03000SERVICE\GSM03000SERVICE.csproj", "{04C6F08D-86C0-4BC6-AFBF-2764E90F62CB}"
EndProject
Project("{9A19103F-16F7-4668-BE54-9A1E7A4F7556}") = "Lookup_GSSERVICES", "..\..\BS Shared Form\SOURCE\SERVICES\Lookup_GSSERVICES\Lookup_GSSERVICES.csproj", "{6624A787-E690-42E6-9F6D-99871773059F}"
EndProject
Project("{9A19103F-16F7-4668-BE54-9A1E7A4F7556}") = "Lookup_GSCOMMON", "..\..\BS Shared Form\SOURCE\BACK\Lookup_GSCOMMON\Lookup_GSCOMMON.csproj", "{CFB4BF52-C79D-4D1F-9066-251BDB69A062}"
EndProject
Project("{9A19103F-16F7-4668-BE54-9A1E7A4F7556}") = "Lookup_GSBACK", "..\..\BS Shared Form\SOURCE\BACK\Lookup_GSBACK\Lookup_GSBACK.csproj", "{A1DC7F0E-87B7-4C76-AE46-B925C6D76EA7}"
EndProject
Project("{9A19103F-16F7-4668-BE54-9A1E7A4F7556}") = "RSP_GS_MAINTAIN_OTHER_CHARGESResources", "BACK\GS\GS_SPR\RSP_GS_MAINTAIN_OTHER_CHARGESResources\RSP_GS_MAINTAIN_OTHER_CHARGESResources.csproj", "{A61249F1-F3D5-4793-926D-F4A7C7687B25}"
EndProject
Project("{9A19103F-16F7-4668-BE54-9A1E7A4F7556}") = "GSM03000BackResources", "BACK\GS\GSM03000BackResources\GSM03000BackResources.csproj", "{B04443CC-A12B-4449-A65F-B66257C86798}"
EndProject
Project("{9A19103F-16F7-4668-BE54-9A1E7A4F7556}") = "GFF00900COMMON", "..\..\BS Shared Form\SOURCE\BACK\GFF00900COMMON\GFF00900COMMON.csproj", "{FDBCB113-4705-4562-91B3-F80D8CA398A4}"
EndProject
Project("{2150E333-8FDC-42A3-9474-1A3956D46DE8}") = "Active_Inactive_Common", "Active_Inactive_Common", "{9422A191-DCAA-4079-9E6D-8616DEB1B1CB}"
EndProject
Project("{2150E333-8FDC-42A3-9474-1A3956D46DE8}") = "Active_Inactive_Back", "Active_Inactive_Back", "{B77EBAB7-5C8E-45D8-9138-6A162C1FE8A3}"
EndProject
Project("{2150E333-8FDC-42A3-9474-1A3956D46DE8}") = "Active_Inactive_Service", "Active_Inactive_Service", "{B2B7FD64-9076-4C33-A11B-6D152E7DFEE4}"
EndProject
Project("{9A19103F-16F7-4668-BE54-9A1E7A4F7556}") = "GFF00900SERVICES", "..\..\BS Shared Form\SOURCE\SERVICES\GFF00900SERVICES\GFF00900SERVICES.csproj", "{986D9C0E-8C0F-4B7D-A47E-466C1AA084D1}"
EndProject
Project("{9A19103F-16F7-4668-BE54-9A1E7A4F7556}") = "GFF00900BACK", "..\..\BS Shared Form\SOURCE\BACK\GFF00900BACK\GFF00900BACK.csproj", "{9D3402B6-8FC3-4FFC-9D07-41BC3C7DDCF9}"
EndProject
Project("{2150E333-8FDC-42A3-9474-1A3956D46DE8}") = "Active_Inactive_SPR", "Active_Inactive_SPR", "{3ADB0F25-928B-468C-BD6D-59E3BA461924}"
EndProject
Project("{9A19103F-16F7-4668-BE54-9A1E7A4F7556}") = "RSP_GS_VALIDATE_USER_ACT_APPRResources", "BACK\GS\GS_SPR\RSP_GS_VALIDATE_USER_ACT_APPRResources\RSP_GS_VALIDATE_USER_ACT_APPRResources.csproj", "{1EBFBAB4-452D-4CB2-8646-0D3551EDBD7B}"
EndProject
Project("{9A19103F-16F7-4668-BE54-9A1E7A4F7556}") = "LMM01500BACK", "BACK\LM\LMM01500BACK\LMM01500BACK.csproj", "{55B47B45-1863-4FA4-8BCD-74CF6A8BAE94}"
EndProject
Project("{9A19103F-16F7-4668-BE54-9A1E7A4F7556}") = "LMM01500COMMON", "COMMON\LM\LMM01500COMMON\LMM01500COMMON.csproj", "{33A0DF38-A27E-476E-A13E-1589970026DA}"
EndProject
Project("{9A19103F-16F7-4668-BE54-9A1E7A4F7556}") = "LMM01500BackResources", "BACK\LM\LMM01500BackResources\LMM01500BackResources.csproj", "{BDB99432-094C-40C1-B01A-25D4204BEBC9}"
EndProject
Project("{9A19103F-16F7-4668-BE54-9A1E7A4F7556}") = "LMM01500SERVICE", "SERVICE\LM\LMM01500SERVICE\LMM01500SERVICE.csproj", "{4744E45D-DC47-4F05-9486-9D8C5C5F1AED}"
EndProject
Project("{9A19103F-16F7-4668-BE54-9A1E7A4F7556}") = "BIMASAKTI_LM_API", "API\LM\BIMASAKTI_LM_API\BIMASAKTI_LM_API.csproj", "{B735E589-4CFA-4186-A6F6-A4C67C546188}"
EndProject
Project("{9A19103F-16F7-4668-BE54-9A1E7A4F7556}") = "LMM01000COMMON", "COMMON\LM\LMM01000COMMON\LMM01000COMMON.csproj", "{D3CC456B-861F-45D6-8365-3157792C4679}"
EndProject
Project("{778DAE3C-4631-46EA-AA77-85C1314464D9}") = "BlazorMenuCommon", "COMMON\GS\BlazorMenuCommon\BlazorMenuCommon.vbproj", "{15D14584-1BE0-4241-BFDB-D435C9DCDC0C}"
EndProject
Project("{778DAE3C-4631-46EA-AA77-85C1314464D9}") = "R_SecurityPolicyCommon", "COMMON\GS\R_SecurityPolicyCommon\R_SecurityPolicyCommon.vbproj", "{07AE4258-DA50-4540-A45F-BFC31BC4A3E4}"
EndProject
Project("{778DAE3C-4631-46EA-AA77-85C1314464D9}") = "R_SecurityTokenCommon", "COMMON\GS\R_SecurityTokenCommon\R_SecurityTokenCommon.vbproj", "{0BD28CDA-5CF1-4D0A-B10B-F0A0C4EB7F41}"
EndProject
Project("{9A19103F-16F7-4668-BE54-9A1E7A4F7556}") = "LMM01000BACK", "BACK\LM\LMM01000BACK\LMM01000BACK.csproj", "{158D2902-57B1-4417-A440-738A03F109A1}"
EndProject
Project("{9A19103F-16F7-4668-BE54-9A1E7A4F7556}") = "LMM01000BackResources", "BACK\LM\LMM01000BackResources\LMM01000BackResources.csproj", "{E661AE12-A372-4D6C-8DA2-FF4C87287AD4}"
EndProject
Project("{9A19103F-16F7-4668-BE54-9A1E7A4F7556}") = "RSP_LM_MAINTAIN_UTILITY_CHARGESResources", "BACK\LM\LM_SPR\RSP_LM_MAINTAIN_UTILITY_CHARGESResources\RSP_LM_MAINTAIN_UTILITY_CHARGESResources.csproj", "{44A4EC3A-6B2E-499B-9474-DAA6B0E16466}"
EndProject
Project("{9A19103F-16F7-4668-BE54-9A1E7A4F7556}") = "LMM01000SERVICE", "SERVICE\LM\LMM01000SERVICE\LMM01000SERVICE.csproj", "{848E5092-2276-41FF-A3A2-FA5A1F9EC9A7}"
EndProject
Global
	GlobalSection(SolutionConfigurationPlatforms) = preSolution
		Debug|Any CPU = Debug|Any CPU
		Release|Any CPU = Release|Any CPU
	EndGlobalSection
	GlobalSection(ProjectConfigurationPlatforms) = postSolution
		{B39B82B8-79EA-4E46-A0E6-773A908ED7E1}.Debug|Any CPU.ActiveCfg = Debug|Any CPU
		{B39B82B8-79EA-4E46-A0E6-773A908ED7E1}.Debug|Any CPU.Build.0 = Debug|Any CPU
		{B39B82B8-79EA-4E46-A0E6-773A908ED7E1}.Release|Any CPU.ActiveCfg = Release|Any CPU
		{B39B82B8-79EA-4E46-A0E6-773A908ED7E1}.Release|Any CPU.Build.0 = Release|Any CPU
		{8292E015-42AC-4180-BA4D-127210A5ED67}.Debug|Any CPU.ActiveCfg = Debug|Any CPU
		{8292E015-42AC-4180-BA4D-127210A5ED67}.Debug|Any CPU.Build.0 = Debug|Any CPU
		{8292E015-42AC-4180-BA4D-127210A5ED67}.Release|Any CPU.ActiveCfg = Release|Any CPU
		{8292E015-42AC-4180-BA4D-127210A5ED67}.Release|Any CPU.Build.0 = Release|Any CPU
		{0897E7AD-C406-407C-9292-F4FD4EF33FBC}.Debug|Any CPU.ActiveCfg = Debug|Any CPU
		{0897E7AD-C406-407C-9292-F4FD4EF33FBC}.Debug|Any CPU.Build.0 = Debug|Any CPU
		{0897E7AD-C406-407C-9292-F4FD4EF33FBC}.Release|Any CPU.ActiveCfg = Release|Any CPU
		{0897E7AD-C406-407C-9292-F4FD4EF33FBC}.Release|Any CPU.Build.0 = Release|Any CPU
		{3599AACB-2501-46F8-8537-5C02B2429F03}.Debug|Any CPU.ActiveCfg = Debug|Any CPU
		{3599AACB-2501-46F8-8537-5C02B2429F03}.Debug|Any CPU.Build.0 = Debug|Any CPU
		{3599AACB-2501-46F8-8537-5C02B2429F03}.Release|Any CPU.ActiveCfg = Release|Any CPU
		{3599AACB-2501-46F8-8537-5C02B2429F03}.Release|Any CPU.Build.0 = Release|Any CPU
		{8D885199-C202-488D-A12B-692CEB1049ED}.Debug|Any CPU.ActiveCfg = Debug|Any CPU
		{8D885199-C202-488D-A12B-692CEB1049ED}.Debug|Any CPU.Build.0 = Debug|Any CPU
		{8D885199-C202-488D-A12B-692CEB1049ED}.Release|Any CPU.ActiveCfg = Release|Any CPU
		{8D885199-C202-488D-A12B-692CEB1049ED}.Release|Any CPU.Build.0 = Release|Any CPU
		{2C7A0F14-A204-4408-833C-332123EDF634}.Debug|Any CPU.ActiveCfg = Debug|Any CPU
		{2C7A0F14-A204-4408-833C-332123EDF634}.Debug|Any CPU.Build.0 = Debug|Any CPU
		{2C7A0F14-A204-4408-833C-332123EDF634}.Release|Any CPU.ActiveCfg = Release|Any CPU
		{2C7A0F14-A204-4408-833C-332123EDF634}.Release|Any CPU.Build.0 = Release|Any CPU
		{8A5CA6A5-94DF-40B0-9661-081AEC0AA723}.Debug|Any CPU.ActiveCfg = Debug|Any CPU
		{8A5CA6A5-94DF-40B0-9661-081AEC0AA723}.Debug|Any CPU.Build.0 = Debug|Any CPU
		{8A5CA6A5-94DF-40B0-9661-081AEC0AA723}.Release|Any CPU.ActiveCfg = Release|Any CPU
		{8A5CA6A5-94DF-40B0-9661-081AEC0AA723}.Release|Any CPU.Build.0 = Release|Any CPU
		{82E61718-CC35-4C1C-87E9-6F4110CC406D}.Debug|Any CPU.ActiveCfg = Debug|Any CPU
		{82E61718-CC35-4C1C-87E9-6F4110CC406D}.Debug|Any CPU.Build.0 = Debug|Any CPU
		{82E61718-CC35-4C1C-87E9-6F4110CC406D}.Release|Any CPU.ActiveCfg = Release|Any CPU
		{82E61718-CC35-4C1C-87E9-6F4110CC406D}.Release|Any CPU.Build.0 = Release|Any CPU
		{763DE054-1941-4FE9-9526-DFD60527F023}.Debug|Any CPU.ActiveCfg = Debug|Any CPU
		{763DE054-1941-4FE9-9526-DFD60527F023}.Debug|Any CPU.Build.0 = Debug|Any CPU
		{763DE054-1941-4FE9-9526-DFD60527F023}.Release|Any CPU.ActiveCfg = Release|Any CPU
		{763DE054-1941-4FE9-9526-DFD60527F023}.Release|Any CPU.Build.0 = Release|Any CPU
		{04C6F08D-86C0-4BC6-AFBF-2764E90F62CB}.Debug|Any CPU.ActiveCfg = Debug|Any CPU
		{04C6F08D-86C0-4BC6-AFBF-2764E90F62CB}.Debug|Any CPU.Build.0 = Debug|Any CPU
		{04C6F08D-86C0-4BC6-AFBF-2764E90F62CB}.Release|Any CPU.ActiveCfg = Release|Any CPU
		{04C6F08D-86C0-4BC6-AFBF-2764E90F62CB}.Release|Any CPU.Build.0 = Release|Any CPU
		{6624A787-E690-42E6-9F6D-99871773059F}.Debug|Any CPU.ActiveCfg = Debug|Any CPU
		{6624A787-E690-42E6-9F6D-99871773059F}.Debug|Any CPU.Build.0 = Debug|Any CPU
		{6624A787-E690-42E6-9F6D-99871773059F}.Release|Any CPU.ActiveCfg = Release|Any CPU
		{6624A787-E690-42E6-9F6D-99871773059F}.Release|Any CPU.Build.0 = Release|Any CPU
		{CFB4BF52-C79D-4D1F-9066-251BDB69A062}.Debug|Any CPU.ActiveCfg = Debug|Any CPU
		{CFB4BF52-C79D-4D1F-9066-251BDB69A062}.Debug|Any CPU.Build.0 = Debug|Any CPU
		{CFB4BF52-C79D-4D1F-9066-251BDB69A062}.Release|Any CPU.ActiveCfg = Release|Any CPU
		{CFB4BF52-C79D-4D1F-9066-251BDB69A062}.Release|Any CPU.Build.0 = Release|Any CPU
		{A1DC7F0E-87B7-4C76-AE46-B925C6D76EA7}.Debug|Any CPU.ActiveCfg = Debug|Any CPU
		{A1DC7F0E-87B7-4C76-AE46-B925C6D76EA7}.Debug|Any CPU.Build.0 = Debug|Any CPU
		{A1DC7F0E-87B7-4C76-AE46-B925C6D76EA7}.Release|Any CPU.ActiveCfg = Release|Any CPU
		{A1DC7F0E-87B7-4C76-AE46-B925C6D76EA7}.Release|Any CPU.Build.0 = Release|Any CPU
		{A61249F1-F3D5-4793-926D-F4A7C7687B25}.Debug|Any CPU.ActiveCfg = Debug|Any CPU
		{A61249F1-F3D5-4793-926D-F4A7C7687B25}.Debug|Any CPU.Build.0 = Debug|Any CPU
		{A61249F1-F3D5-4793-926D-F4A7C7687B25}.Release|Any CPU.ActiveCfg = Release|Any CPU
		{A61249F1-F3D5-4793-926D-F4A7C7687B25}.Release|Any CPU.Build.0 = Release|Any CPU
		{B04443CC-A12B-4449-A65F-B66257C86798}.Debug|Any CPU.ActiveCfg = Debug|Any CPU
		{B04443CC-A12B-4449-A65F-B66257C86798}.Debug|Any CPU.Build.0 = Debug|Any CPU
		{B04443CC-A12B-4449-A65F-B66257C86798}.Release|Any CPU.ActiveCfg = Release|Any CPU
		{B04443CC-A12B-4449-A65F-B66257C86798}.Release|Any CPU.Build.0 = Release|Any CPU
		{FDBCB113-4705-4562-91B3-F80D8CA398A4}.Debug|Any CPU.ActiveCfg = Debug|Any CPU
		{FDBCB113-4705-4562-91B3-F80D8CA398A4}.Debug|Any CPU.Build.0 = Debug|Any CPU
		{FDBCB113-4705-4562-91B3-F80D8CA398A4}.Release|Any CPU.ActiveCfg = Release|Any CPU
		{FDBCB113-4705-4562-91B3-F80D8CA398A4}.Release|Any CPU.Build.0 = Release|Any CPU
		{986D9C0E-8C0F-4B7D-A47E-466C1AA084D1}.Debug|Any CPU.ActiveCfg = Debug|Any CPU
		{986D9C0E-8C0F-4B7D-A47E-466C1AA084D1}.Debug|Any CPU.Build.0 = Debug|Any CPU
		{986D9C0E-8C0F-4B7D-A47E-466C1AA084D1}.Release|Any CPU.ActiveCfg = Release|Any CPU
		{986D9C0E-8C0F-4B7D-A47E-466C1AA084D1}.Release|Any CPU.Build.0 = Release|Any CPU
		{9D3402B6-8FC3-4FFC-9D07-41BC3C7DDCF9}.Debug|Any CPU.ActiveCfg = Debug|Any CPU
		{9D3402B6-8FC3-4FFC-9D07-41BC3C7DDCF9}.Debug|Any CPU.Build.0 = Debug|Any CPU
		{9D3402B6-8FC3-4FFC-9D07-41BC3C7DDCF9}.Release|Any CPU.ActiveCfg = Release|Any CPU
		{9D3402B6-8FC3-4FFC-9D07-41BC3C7DDCF9}.Release|Any CPU.Build.0 = Release|Any CPU
		{1EBFBAB4-452D-4CB2-8646-0D3551EDBD7B}.Debug|Any CPU.ActiveCfg = Debug|Any CPU
		{1EBFBAB4-452D-4CB2-8646-0D3551EDBD7B}.Debug|Any CPU.Build.0 = Debug|Any CPU
		{1EBFBAB4-452D-4CB2-8646-0D3551EDBD7B}.Release|Any CPU.ActiveCfg = Release|Any CPU
		{1EBFBAB4-452D-4CB2-8646-0D3551EDBD7B}.Release|Any CPU.Build.0 = Release|Any CPU
		{55B47B45-1863-4FA4-8BCD-74CF6A8BAE94}.Debug|Any CPU.ActiveCfg = Debug|Any CPU
		{55B47B45-1863-4FA4-8BCD-74CF6A8BAE94}.Debug|Any CPU.Build.0 = Debug|Any CPU
		{55B47B45-1863-4FA4-8BCD-74CF6A8BAE94}.Release|Any CPU.ActiveCfg = Release|Any CPU
		{55B47B45-1863-4FA4-8BCD-74CF6A8BAE94}.Release|Any CPU.Build.0 = Release|Any CPU
		{33A0DF38-A27E-476E-A13E-1589970026DA}.Debug|Any CPU.ActiveCfg = Debug|Any CPU
		{33A0DF38-A27E-476E-A13E-1589970026DA}.Debug|Any CPU.Build.0 = Debug|Any CPU
		{33A0DF38-A27E-476E-A13E-1589970026DA}.Release|Any CPU.ActiveCfg = Release|Any CPU
		{33A0DF38-A27E-476E-A13E-1589970026DA}.Release|Any CPU.Build.0 = Release|Any CPU
		{BDB99432-094C-40C1-B01A-25D4204BEBC9}.Debug|Any CPU.ActiveCfg = Debug|Any CPU
		{BDB99432-094C-40C1-B01A-25D4204BEBC9}.Debug|Any CPU.Build.0 = Debug|Any CPU
		{BDB99432-094C-40C1-B01A-25D4204BEBC9}.Release|Any CPU.ActiveCfg = Release|Any CPU
		{BDB99432-094C-40C1-B01A-25D4204BEBC9}.Release|Any CPU.Build.0 = Release|Any CPU
		{4744E45D-DC47-4F05-9486-9D8C5C5F1AED}.Debug|Any CPU.ActiveCfg = Debug|Any CPU
		{4744E45D-DC47-4F05-9486-9D8C5C5F1AED}.Debug|Any CPU.Build.0 = Debug|Any CPU
		{4744E45D-DC47-4F05-9486-9D8C5C5F1AED}.Release|Any CPU.ActiveCfg = Release|Any CPU
		{4744E45D-DC47-4F05-9486-9D8C5C5F1AED}.Release|Any CPU.Build.0 = Release|Any CPU
		{B735E589-4CFA-4186-A6F6-A4C67C546188}.Debug|Any CPU.ActiveCfg = Debug|Any CPU
		{B735E589-4CFA-4186-A6F6-A4C67C546188}.Debug|Any CPU.Build.0 = Debug|Any CPU
		{B735E589-4CFA-4186-A6F6-A4C67C546188}.Release|Any CPU.ActiveCfg = Release|Any CPU
		{B735E589-4CFA-4186-A6F6-A4C67C546188}.Release|Any CPU.Build.0 = Release|Any CPU
		{D3CC456B-861F-45D6-8365-3157792C4679}.Debug|Any CPU.ActiveCfg = Debug|Any CPU
		{D3CC456B-861F-45D6-8365-3157792C4679}.Debug|Any CPU.Build.0 = Debug|Any CPU
		{D3CC456B-861F-45D6-8365-3157792C4679}.Release|Any CPU.ActiveCfg = Release|Any CPU
		{D3CC456B-861F-45D6-8365-3157792C4679}.Release|Any CPU.Build.0 = Release|Any CPU
		{15D14584-1BE0-4241-BFDB-D435C9DCDC0C}.Debug|Any CPU.ActiveCfg = Debug|Any CPU
		{15D14584-1BE0-4241-BFDB-D435C9DCDC0C}.Debug|Any CPU.Build.0 = Debug|Any CPU
		{15D14584-1BE0-4241-BFDB-D435C9DCDC0C}.Release|Any CPU.ActiveCfg = Release|Any CPU
		{15D14584-1BE0-4241-BFDB-D435C9DCDC0C}.Release|Any CPU.Build.0 = Release|Any CPU
		{07AE4258-DA50-4540-A45F-BFC31BC4A3E4}.Debug|Any CPU.ActiveCfg = Debug|Any CPU
		{07AE4258-DA50-4540-A45F-BFC31BC4A3E4}.Debug|Any CPU.Build.0 = Debug|Any CPU
		{07AE4258-DA50-4540-A45F-BFC31BC4A3E4}.Release|Any CPU.ActiveCfg = Release|Any CPU
		{07AE4258-DA50-4540-A45F-BFC31BC4A3E4}.Release|Any CPU.Build.0 = Release|Any CPU
		{0BD28CDA-5CF1-4D0A-B10B-F0A0C4EB7F41}.Debug|Any CPU.ActiveCfg = Debug|Any CPU
		{0BD28CDA-5CF1-4D0A-B10B-F0A0C4EB7F41}.Debug|Any CPU.Build.0 = Debug|Any CPU
		{0BD28CDA-5CF1-4D0A-B10B-F0A0C4EB7F41}.Release|Any CPU.ActiveCfg = Release|Any CPU
		{0BD28CDA-5CF1-4D0A-B10B-F0A0C4EB7F41}.Release|Any CPU.Build.0 = Release|Any CPU
		{158D2902-57B1-4417-A440-738A03F109A1}.Debug|Any CPU.ActiveCfg = Debug|Any CPU
		{158D2902-57B1-4417-A440-738A03F109A1}.Debug|Any CPU.Build.0 = Debug|Any CPU
		{158D2902-57B1-4417-A440-738A03F109A1}.Release|Any CPU.ActiveCfg = Release|Any CPU
		{158D2902-57B1-4417-A440-738A03F109A1}.Release|Any CPU.Build.0 = Release|Any CPU
		{E661AE12-A372-4D6C-8DA2-FF4C87287AD4}.Debug|Any CPU.ActiveCfg = Debug|Any CPU
		{E661AE12-A372-4D6C-8DA2-FF4C87287AD4}.Debug|Any CPU.Build.0 = Debug|Any CPU
		{E661AE12-A372-4D6C-8DA2-FF4C87287AD4}.Release|Any CPU.ActiveCfg = Release|Any CPU
		{E661AE12-A372-4D6C-8DA2-FF4C87287AD4}.Release|Any CPU.Build.0 = Release|Any CPU
		{44A4EC3A-6B2E-499B-9474-DAA6B0E16466}.Debug|Any CPU.ActiveCfg = Debug|Any CPU
		{44A4EC3A-6B2E-499B-9474-DAA6B0E16466}.Debug|Any CPU.Build.0 = Debug|Any CPU
		{44A4EC3A-6B2E-499B-9474-DAA6B0E16466}.Release|Any CPU.ActiveCfg = Release|Any CPU
		{44A4EC3A-6B2E-499B-9474-DAA6B0E16466}.Release|Any CPU.Build.0 = Release|Any CPU
		{848E5092-2276-41FF-A3A2-FA5A1F9EC9A7}.Debug|Any CPU.ActiveCfg = Debug|Any CPU
		{848E5092-2276-41FF-A3A2-FA5A1F9EC9A7}.Debug|Any CPU.Build.0 = Debug|Any CPU
		{848E5092-2276-41FF-A3A2-FA5A1F9EC9A7}.Release|Any CPU.ActiveCfg = Release|Any CPU
		{848E5092-2276-41FF-A3A2-FA5A1F9EC9A7}.Release|Any CPU.Build.0 = Release|Any CPU
	EndGlobalSection
	GlobalSection(SolutionProperties) = preSolution
		HideSolutionNode = FALSE
	EndGlobalSection
	GlobalSection(NestedProjects) = preSolution
		{B39B82B8-79EA-4E46-A0E6-773A908ED7E1} = {C3EAE219-7C8B-4C0B-B9AA-C36E59A59874}
		{8292E015-42AC-4180-BA4D-127210A5ED67} = {9A88ACE1-E08A-4650-93AD-A84642F274BB}
		{0897E7AD-C406-407C-9292-F4FD4EF33FBC} = {3F304EDC-E2D8-4A01-B168-01114FDF0335}
		{3599AACB-2501-46F8-8537-5C02B2429F03} = {9A88ACE1-E08A-4650-93AD-A84642F274BB}
		{8D885199-C202-488D-A12B-692CEB1049ED} = {3F304EDC-E2D8-4A01-B168-01114FDF0335}
		{2C7A0F14-A204-4408-833C-332123EDF634} = {9A88ACE1-E08A-4650-93AD-A84642F274BB}
		{8A5CA6A5-94DF-40B0-9661-081AEC0AA723} = {3F304EDC-E2D8-4A01-B168-01114FDF0335}
		{82E61718-CC35-4C1C-87E9-6F4110CC406D} = {9A88ACE1-E08A-4650-93AD-A84642F274BB}
		{763DE054-1941-4FE9-9526-DFD60527F023} = {FA3B4DBA-EFD5-431A-B5F8-074975E4D91B}
		{04C6F08D-86C0-4BC6-AFBF-2764E90F62CB} = {3F304EDC-E2D8-4A01-B168-01114FDF0335}
		{6624A787-E690-42E6-9F6D-99871773059F} = {3F304EDC-E2D8-4A01-B168-01114FDF0335}
		{CFB4BF52-C79D-4D1F-9066-251BDB69A062} = {FA3B4DBA-EFD5-431A-B5F8-074975E4D91B}
		{A1DC7F0E-87B7-4C76-AE46-B925C6D76EA7} = {9A88ACE1-E08A-4650-93AD-A84642F274BB}
		{A61249F1-F3D5-4793-926D-F4A7C7687B25} = {FEBCC389-15E9-45D8-894D-D105A725441A}
		{B04443CC-A12B-4449-A65F-B66257C86798} = {FEBCC389-15E9-45D8-894D-D105A725441A}
		{FDBCB113-4705-4562-91B3-F80D8CA398A4} = {9422A191-DCAA-4079-9E6D-8616DEB1B1CB}
		{9422A191-DCAA-4079-9E6D-8616DEB1B1CB} = {FA3B4DBA-EFD5-431A-B5F8-074975E4D91B}
		{B77EBAB7-5C8E-45D8-9138-6A162C1FE8A3} = {9A88ACE1-E08A-4650-93AD-A84642F274BB}
		{B2B7FD64-9076-4C33-A11B-6D152E7DFEE4} = {3F304EDC-E2D8-4A01-B168-01114FDF0335}
		{986D9C0E-8C0F-4B7D-A47E-466C1AA084D1} = {B2B7FD64-9076-4C33-A11B-6D152E7DFEE4}
		{9D3402B6-8FC3-4FFC-9D07-41BC3C7DDCF9} = {B77EBAB7-5C8E-45D8-9138-6A162C1FE8A3}
		{3ADB0F25-928B-468C-BD6D-59E3BA461924} = {FEBCC389-15E9-45D8-894D-D105A725441A}
		{1EBFBAB4-452D-4CB2-8646-0D3551EDBD7B} = {3ADB0F25-928B-468C-BD6D-59E3BA461924}
		{55B47B45-1863-4FA4-8BCD-74CF6A8BAE94} = {9A88ACE1-E08A-4650-93AD-A84642F274BB}
		{33A0DF38-A27E-476E-A13E-1589970026DA} = {FA3B4DBA-EFD5-431A-B5F8-074975E4D91B}
		{BDB99432-094C-40C1-B01A-25D4204BEBC9} = {FEBCC389-15E9-45D8-894D-D105A725441A}
		{4744E45D-DC47-4F05-9486-9D8C5C5F1AED} = {3F304EDC-E2D8-4A01-B168-01114FDF0335}
		{B735E589-4CFA-4186-A6F6-A4C67C546188} = {C3EAE219-7C8B-4C0B-B9AA-C36E59A59874}
		{D3CC456B-861F-45D6-8365-3157792C4679} = {FA3B4DBA-EFD5-431A-B5F8-074975E4D91B}
		{15D14584-1BE0-4241-BFDB-D435C9DCDC0C} = {FA3B4DBA-EFD5-431A-B5F8-074975E4D91B}
		{07AE4258-DA50-4540-A45F-BFC31BC4A3E4} = {FA3B4DBA-EFD5-431A-B5F8-074975E4D91B}
		{0BD28CDA-5CF1-4D0A-B10B-F0A0C4EB7F41} = {FA3B4DBA-EFD5-431A-B5F8-074975E4D91B}
		{158D2902-57B1-4417-A440-738A03F109A1} = {9A88ACE1-E08A-4650-93AD-A84642F274BB}
		{E661AE12-A372-4D6C-8DA2-FF4C87287AD4} = {FEBCC389-15E9-45D8-894D-D105A725441A}
		{44A4EC3A-6B2E-499B-9474-DAA6B0E16466} = {FEBCC389-15E9-45D8-894D-D105A725441A}
		{848E5092-2276-41FF-A3A2-FA5A1F9EC9A7} = {3F304EDC-E2D8-4A01-B168-01114FDF0335}
	EndGlobalSection
	GlobalSection(ExtensibilityGlobals) = postSolution
		SolutionGuid = {6A751E6C-1C1A-4FEE-8275-65D8FEC8B542}
	EndGlobalSection
EndGlobal
