
Microsoft Visual Studio Solution File, Format Version 12.00
# Visual Studio Version 17
VisualStudioVersion = 17.5.33530.505
MinimumVisualStudioVersion = 10.0.40219.1
Project("{2150E333-8FDC-42A3-9474-1A3956D46DE8}") = "BACK", "BACK", "{123F493E-C35E-46D4-A7FF-19E0B89316F9}"
EndProject
Project("{2150E333-8FDC-42A3-9474-1A3956D46DE8}") = "COMMON", "COMMON", "{7C35DECB-6B30-4A16-984F-EA7C47C80B3B}"
EndProject
Project("{2150E333-8FDC-42A3-9474-1A3956D46DE8}") = "SERVICE", "SERVICE", "{49F1332D-00AC-4B58-A872-0946766AD665}"
EndProject
Project("{9A19103F-16F7-4668-BE54-9A1E7A4F7556}") = "Lookup_GSBACK", "BACK\Lookup_GSBACK\Lookup_GSBACK.csproj", "{7A2FFDFB-422F-4670-9053-66427C623061}"
EndProject
Project("{9A19103F-16F7-4668-BE54-9A1E7A4F7556}") = "Lookup_GSCOMMON", "BACK\Lookup_GSCOMMON\Lookup_GSCOMMON.csproj", "{F6CB8468-2035-4FD7-A28E-E7633CCFE5BE}"
EndProject
Project("{9A19103F-16F7-4668-BE54-9A1E7A4F7556}") = "Lookup_GSSERVICES", "SERVICES\Lookup_GSSERVICES\Lookup_GSSERVICES.csproj", "{DFA4FD68-C33E-41D5-917F-5BD67D6EB84B}"
EndProject
Project("{2150E333-8FDC-42A3-9474-1A3956D46DE8}") = "SPR", "SPR", "{0F90DEDF-92F8-41C4-9582-A18098954940}"
EndProject
Project("{2150E333-8FDC-42A3-9474-1A3956D46DE8}") = "BackResources", "BackResources", "{7C743C25-788F-4EEE-883E-733046DA23B4}"
EndProject
Project("{FAE04EC0-301F-11D3-BF4B-00C04F79EFBC}") = "Lookup_GSBackResources", "BACK\Lookup_GSBackResources\Lookup_GSBackResources.csproj", "{84727EC4-B7B9-4572-B0BA-F395714621E8}"
EndProject
Global
	GlobalSection(SolutionConfigurationPlatforms) = preSolution
		Debug|Any CPU = Debug|Any CPU
		Release|Any CPU = Release|Any CPU
	EndGlobalSection
	GlobalSection(ProjectConfigurationPlatforms) = postSolution
		{7A2FFDFB-422F-4670-9053-66427C623061}.Debug|Any CPU.ActiveCfg = Debug|Any CPU
		{7A2FFDFB-422F-4670-9053-66427C623061}.Debug|Any CPU.Build.0 = Debug|Any CPU
		{7A2FFDFB-422F-4670-9053-66427C623061}.Release|Any CPU.ActiveCfg = Release|Any CPU
		{7A2FFDFB-422F-4670-9053-66427C623061}.Release|Any CPU.Build.0 = Release|Any CPU
		{F6CB8468-2035-4FD7-A28E-E7633CCFE5BE}.Debug|Any CPU.ActiveCfg = Debug|Any CPU
		{F6CB8468-2035-4FD7-A28E-E7633CCFE5BE}.Debug|Any CPU.Build.0 = Debug|Any CPU
		{F6CB8468-2035-4FD7-A28E-E7633CCFE5BE}.Release|Any CPU.ActiveCfg = Release|Any CPU
		{F6CB8468-2035-4FD7-A28E-E7633CCFE5BE}.Release|Any CPU.Build.0 = Release|Any CPU
		{DFA4FD68-C33E-41D5-917F-5BD67D6EB84B}.Debug|Any CPU.ActiveCfg = Debug|Any CPU
		{DFA4FD68-C33E-41D5-917F-5BD67D6EB84B}.Debug|Any CPU.Build.0 = Debug|Any CPU
		{DFA4FD68-C33E-41D5-917F-5BD67D6EB84B}.Release|Any CPU.ActiveCfg = Release|Any CPU
		{DFA4FD68-C33E-41D5-917F-5BD67D6EB84B}.Release|Any CPU.Build.0 = Release|Any CPU
		{84727EC4-B7B9-4572-B0BA-F395714621E8}.Debug|Any CPU.ActiveCfg = Debug|Any CPU
		{84727EC4-B7B9-4572-B0BA-F395714621E8}.Debug|Any CPU.Build.0 = Debug|Any CPU
		{84727EC4-B7B9-4572-B0BA-F395714621E8}.Release|Any CPU.ActiveCfg = Release|Any CPU
		{84727EC4-B7B9-4572-B0BA-F395714621E8}.Release|Any CPU.Build.0 = Release|Any CPU
	EndGlobalSection
	GlobalSection(SolutionProperties) = preSolution
		HideSolutionNode = FALSE
	EndGlobalSection
	GlobalSection(NestedProjects) = preSolution
		{7A2FFDFB-422F-4670-9053-66427C623061} = {123F493E-C35E-46D4-A7FF-19E0B89316F9}
		{F6CB8468-2035-4FD7-A28E-E7633CCFE5BE} = {7C35DECB-6B30-4A16-984F-EA7C47C80B3B}
		{DFA4FD68-C33E-41D5-917F-5BD67D6EB84B} = {49F1332D-00AC-4B58-A872-0946766AD665}
		{84727EC4-B7B9-4572-B0BA-F395714621E8} = {7C743C25-788F-4EEE-883E-733046DA23B4}
	EndGlobalSection
	GlobalSection(ExtensibilityGlobals) = postSolution
		SolutionGuid = {0A97AFC8-7731-473D-BD28-7E1595770F0D}
	EndGlobalSection
EndGlobal
